<?xml version="1.0" encoding="utf-8"?>
<Project ToolsVersion="4.0" xmlns="http://schemas.microsoft.com/developer/msbuild/2003">
  <ItemGroup>
    <Filter Include="Source Files">
      <UniqueIdentifier>{4FC737F1-C7A5-4376-A066-2A32D752A2FF}</UniqueIdentifier>
      <Extensions>cpp</Extensions>
    </Filter>
    <Filter Include="Header Files">
      <UniqueIdentifier>{93995380-89BD-4b04-88EB-625FBE52EBFB}</UniqueIdentifier>
      <Extensions>h</Extensions>
    </Filter>
  </ItemGroup>
  <ItemGroup>
    <ClCompile Include="main.cpp">
      <Filter>Source Files</Filter>
    </ClCompile>
    <ClCompile Include="Ball.cpp">
      <Filter>Source Files</Filter>
    </ClCompile>
    <ClCompile Include="InputManager.cpp">
      <Filter>Source Files</Filter>
    </ClCompile>
    <ClCompile Include="SwingJudge.cpp">
      <Filter>Source Files</Filter>
    </ClCompile>
    <ClCompile Include="AudioBank.cpp">
      <Filter>Source Files</Filter>
    </ClCompile>
    <ClCompile Include="LatencyOverlay.cpp">
      <Filter>Source Files</Filter>
    </ClCompile>
    <ClCompile Include="PitchMachine.cpp">
      <Filter>Source Files</Filter>
    </ClCompile>
    <ClCompile Include="Collection.cpp">
      <Filter>Source Files</Filter>
    </ClCompile>
    <ClCompile Include="HitCommentBank.cpp">
      <Filter>Source Files</Filter>
    </ClCompile>
    <ClCompile Include="Player.cpp">
      <Filter>Source Files</Filter>
    </ClCompile>
    <ClCompile Include="HRItemBank.cpp">
      <Filter>Source Files</Filter>
    </ClCompile>
    <ClCompile Include="SaveData.h">
      <Filter>Header Files</Filter>
    </ClCompile>
    <ClCompile Include="StartLevel.cpp">
      <Filter>Source Files</Filter>
    </ClCompile>
    <ClCompile Include="CharacterSelect.cpp">
      <Filter>Source Files</Filter>
    </ClCompile>
    <ClCompile Include="SaveData.cpp">
      <Filter>Source Files</Filter>
    </ClCompile>
  </ItemGroup>
  <ItemGroup>
    <ClInclude Include="Ball.h">
      <Filter>Header Files</Filter>
    </ClInclude>
    <ClInclude Include="InputManager.h">
      <Filter>Header Files</Filter>
    </ClInclude>
    <ClInclude Include="SwingJudge.h">
      <Filter>Header Files</Filter>
    </ClInclude>
    <ClInclude Include="AudioBank.h">
      <Filter>Header Files</Filter>
    </ClInclude>
    <ClInclude Include="LatencyOverlay.h">
      <Filter>Header Files</Filter>
    </ClInclude>
    <ClInclude Include="SwingResult.h">
      <Filter>Header Files</Filter>
    </ClInclude>
    <ClInclude Include="PitchMachine.h">
      <Filter>Header Files</Filter>
    </ClInclude>
    <ClInclude Include="Collection.h">
      <Filter>Header Files</Filter>
    </ClInclude>
    <ClInclude Include="HitCommentBank.h">
      <Filter>Header Files</Filter>
    </ClInclude>
    <ClInclude Include="Player.h">
      <Filter>Header Files</Filter>
    </ClInclude>
    <ClInclude Include="HRItemBank.h">
      <Filter>Header Files</Filter>
    </ClInclude>
    <ClInclude Include="StartLevel.h">
      <Filter>Header Files</Filter>
    </ClInclude>
    <ClInclude Include="CharacterSelect.h">
      <Filter>Header Files</Filter>
    </ClInclude>
  </ItemGroup>
</Project>